
Microsoft Visual Studio Solution File, Format Version 12.00
# Visual Studio Version 16
VisualStudioVersion = 25.0.1706.14
MinimumVisualStudioVersion = 10.0.40219.1
Project("{FAE04EC0-301F-11D3-BF4B-00C04F79EFBC}") = "ForLoopSum", "ForLoopSum.csproj", "{071C91F1-4A89-4A73-A46C-788664D5EBEA}"
EndProject
Global
	GlobalSection(SolutionConfigurationPlatforms) = preSolution
		Debug|Any CPU = Debug|Any CPU
		Release|Any CPU = Release|Any CPU
	EndGlobalSection
	GlobalSection(ProjectConfigurationPlatforms) = postSolution
		{071C91F1-4A89-4A73-A46C-788664D5EBEA}.Debug|Any CPU.ActiveCfg = Debug|Any CPU
		{071C91F1-4A89-4A73-A46C-788664D5EBEA}.Debug|Any CPU.Build.0 = Debug|Any CPU
		{071C91F1-4A89-4A73-A46C-788664D5EBEA}.Release|Any CPU.ActiveCfg = Release|Any CPU
		{071C91F1-4A89-4A73-A46C-788664D5EBEA}.Release|Any CPU.Build.0 = Release|Any CPU
	EndGlobalSection
	GlobalSection(SolutionProperties) = preSolution
		HideSolutionNode = FALSE
	EndGlobalSection
	GlobalSection(ExtensibilityGlobals) = postSolution
		SolutionGuid = {F4768E01-CF40-4F5E-ADD5-10AB87A96C6D}
	EndGlobalSection
EndGlobal
